// !$*UTF8*$!
{
	archiveVersion = 1;
	classes = {
	};
	objectVersion = 50;
	objects = {

/* Begin PBXBuildFile section */
		26C5E7612416C13300E7E36B /* AppDelegate.swift in Sources */ = {isa = PBXBuildFile; fileRef = 26C5E7602416C13300E7E36B /* AppDelegate.swift */; };
		26C5E7632416C13300E7E36B /* SceneDelegate.swift in Sources */ = {isa = PBXBuildFile; fileRef = 26C5E7622416C13300E7E36B /* SceneDelegate.swift */; };
		26C5E7652416C13300E7E36B /* ViewController.swift in Sources */ = {isa = PBXBuildFile; fileRef = 26C5E7642416C13300E7E36B /* ViewController.swift */; };
		26C5E7682416C13300E7E36B /* Main.storyboard in Resources */ = {isa = PBXBuildFile; fileRef = 26C5E7662416C13300E7E36B /* Main.storyboard */; };
		26C5E76A2416C13500E7E36B /* Assets.xcassets in Resources */ = {isa = PBXBuildFile; fileRef = 26C5E7692416C13500E7E36B /* Assets.xcassets */; };
		26C5E76D2416C13500E7E36B /* LaunchScreen.storyboard in Resources */ = {isa = PBXBuildFile; fileRef = 26C5E76B2416C13500E7E36B /* LaunchScreen.storyboard */; };
/* End PBXBuildFile section */

/* Begin PBXFileReference section */
		26C5E75D2416C13300E7E36B /* 2020-03-13-ImageLayout-Hua-Lu.app */ = {isa = PBXFileReference; explicitFileType = wrapper.application; includeInIndex = 0; path = "2020-03-13-ImageLayout-Hua-Lu.app"; sourceTree = BUILT_PRODUCTS_DIR; };
		26C5E7602416C13300E7E36B /* AppDelegate.swift */ = {isa = PBXFileReference; lastKnownFileType = sourcecode.swift; path = AppDelegate.swift; sourceTree = "<group>"; };
		26C5E7622416C13300E7E36B /* SceneDelegate.swift */ = {isa = PBXFileReference; lastKnownFileType = sourcecode.swift; path = SceneDelegate.swift; sourceTree = "<group>"; };
		26C5E7642416C13300E7E36B /* ViewController.swift */ = {isa = PBXFileReference; lastKnownFileType = sourcecode.swift; path = ViewController.swift; sourceTree = "<group>"; };
		26C5E7672416C13300E7E36B /* Base */ = {isa = PBXFileReference; lastKnownFileType = file.storyboard; name = Base; path = Base.lproj/Main.storyboard; sourceTree = "<group>"; };
		26C5E7692416C13500E7E36B /* Assets.xcassets */ = {isa = PBXFileReference; lastKnownFileType = folder.assetcatalog; path = Assets.xcassets; sourceTree = "<group>"; };
		26C5E76C2416C13500E7E36B /* Base */ = {isa = PBXFileReference; lastKnownFileType = file.storyboard; name = Base; path = Base.lproj/LaunchScreen.storyboard; sourceTree = "<group>"; };
		26C5E76E2416C13500E7E36B /* Info.plist */ = {isa = PBXFileReference; lastKnownFileType = text.plist.xml; path = Info.plist; sourceTree = "<group>"; };
/* End PBXFileReference section */

/* Begin PBXFrameworksBuildPhase section */
		26C5E75A2416C13300E7E36B /* Frameworks */ = {
			isa = PBXFrameworksBuildPhase;
			buildActionMask = 2147483647;
			files = (
			);
			runOnlyForDeploymentPostprocessing = 0;
		};
/* End PBXFrameworksBuildPhase section */

/* Begin PBXGroup section */
		26C5E7542416C13300E7E36B = {
			isa = PBXGroup;
			children = (
				26C5E75F2416C13300E7E36B /* 2020-03-13-ImageLayout-Hua-Lu */,
				26C5E75E2416C13300E7E36B /* Products */,
			);
			sourceTree = "<group>";
		};
		26C5E75E2416C13300E7E36B /* Products */ = {
			isa = PBXGroup;
			children = (
				26C5E75D2416C13300E7E36B /* 2020-03-13-ImageLayout-Hua-Lu.app */,
			);
			name = Products;
			sourceTree = "<group>";
		};
		26C5E75F2416C13300E7E36B /* 2020-03-13-ImageLayout-Hua-Lu */ = {
			isa = PBXGroup;
			children = (
				26C5E7602416C13300E7E36B /* AppDelegate.swift */,
				26C5E7622416C13300E7E36B /* SceneDelegate.swift */,
				26C5E7642416C13300E7E36B /* ViewController.swift */,
				26C5E7662416C13300E7E36B /* Main.storyboard */,
				26C5E7692416C13500E7E36B /* Assets.xcassets */,
				26C5E76B2416C13500E7E36B /* LaunchScreen.storyboard */,
				26C5E76E2416C13500E7E36B /* Info.plist */,
			);
			path = "2020-03-13-ImageLayout-Hua-Lu";
			sourceTree = "<group>";
		};
/* End PBXGroup section */

/* Begin PBXNativeTarget section */
		26C5E75C2416C13300E7E36B /* 2020-03-13-ImageLayout-Hua-Lu */ = {
			isa = PBXNativeTarget;
			buildConfigurationList = 26C5E7712416C13500E7E36B /* Build configuration list for PBXNativeTarget "2020-03-13-ImageLayout-Hua-Lu" */;
			buildPhases = (
				26C5E7592416C13300E7E36B /* Sources */,
				26C5E75A2416C13300E7E36B /* Frameworks */,
				26C5E75B2416C13300E7E36B /* Resources */,
			);
			buildRules = (
			);
			dependencies = (
			);
			name = "2020-03-13-ImageLayout-Hua-Lu";
			productName = "2020-03-13-ImageLayout-Hua-Lu";
			productReference = 26C5E75D2416C13300E7E36B /* 2020-03-13-ImageLayout-Hua-Lu.app */;
			productType = "com.apple.product-type.application";
		};
/* End PBXNativeTarget section */

/* Begin PBXProject section */
		26C5E7552416C13300E7E36B /* Project object */ = {
			isa = PBXProject;
			attributes = {
				LastSwiftUpdateCheck = 1130;
				LastUpgradeCheck = 1130;
				ORGANIZATIONNAME = "Hua Lu";
				TargetAttributes = {
					26C5E75C2416C13300E7E36B = {
						CreatedOnToolsVersion = 11.3.1;
					};
				};
			};
			buildConfigurationList = 26C5E7582416C13300E7E36B /* Build configuration list for PBXProject "2020-03-13-ImageLayout-Hua-Lu" */;
			compatibilityVersion = "Xcode 9.3";
			developmentRegion = en;
			hasScannedForEncodings = 0;
			knownRegions = (
				en,
				Base,
			);
			mainGroup = 26C5E7542416C13300E7E36B;
			productRefGroup = 26C5E75E2416C13300E7E36B /* Products */;
			projectDirPath = "";
			projectRoot = "";
			targets = (
				26C5E75C2416C13300E7E36B /* 2020-03-13-ImageLayout-Hua-Lu */,
			);
		};
/* End PBXProject section */

/* Begin PBXResourcesBuildPhase section */
		26C5E75B2416C13300E7E36B /* Resources */ = {
			isa = PBXResourcesBuildPhase;
			buildActionMask = 2147483647;
			files = (
				26C5E76D2416C13500E7E36B /* LaunchScreen.storyboard in Resources */,
				26C5E76A2416C13500E7E36B /* Assets.xcassets in Resources */,
				26C5E7682416C13300E7E36B /* Main.storyboard in Resources */,
			);
			runOnlyForDeploymentPostprocessing = 0;
		};
/* End PBXResourcesBuildPhase section */

/* Begin PBXSourcesBuildPhase section */
		26C5E7592416C13300E7E36B /* Sources */ = {
			isa = PBXSourcesBuildPhase;
			buildActionMask = 2147483647;
			files = (
				26C5E7652416C13300E7E36B /* ViewController.swift in Sources */,
				26C5E7612416C13300E7E36B /* AppDelegate.swift in Sources */,
				26C5E7632416C13300E7E36B /* SceneDelegate.swift in Sources */,
			);
			runOnlyForDeploymentPostprocessing = 0;
		};
/* End PBXSourcesBuildPhase section */

/* Begin PBXVariantGroup section */
		26C5E7662416C13300E7E36B /* Main.storyboard */ = {
			isa = PBXVariantGroup;
			children = (
				26C5E7672416C13300E7E36B /* Base */,
			);
			name = Main.storyboard;
			sourceTree = "<group>";
		};
		26C5E76B2416C13500E7E36B /* LaunchScreen.storyboard */ = {
			isa = PBXVariantGroup;
			children = (
				26C5E76C2416C13500E7E36B /* Base */,
			);
			name = LaunchScreen.storyboard;
			sourceTree = "<group>";
		};
/* End PBXVariantGroup section */

/* Begin XCBuildConfiguration section */
		26C5E76F2416C13500E7E36B /* Debug */ = {
			isa = XCBuildConfiguration;
			buildSettings = {
				ALWAYS_SEARCH_USER_PATHS = NO;
				CLANG_ANALYZER_NONNULL = YES;
				CLANG_ANALYZER_NUMBER_OBJECT_CONVERSION = YES_AGGRESSIVE;
				CLANG_CXX_LANGUAGE_STANDARD = "gnu++14";
				CLANG_CXX_LIBRARY = "libc++";
				CLANG_ENABLE_MODULES = YES;
				CLANG_ENABLE_OBJC_ARC = YES;
				CLANG_ENABLE_OBJC_WEAK = YES;
				CLANG_WARN_BLOCK_CAPTURE_AUTORELEASING = YES;
				CLANG_WARN_BOOL_CONVERSION = YES;
				CLANG_WARN_COMMA = YES;
				CLANG_WARN_CONSTANT_CONVERSION = YES;
				CLANG_WARN_DEPRECATED_OBJC_IMPLEMENTATIONS = YES;
				CLANG_WARN_DIRECT_OBJC_ISA_USAGE = YES_ERROR;
				CLANG_WARN_DOCUMENTATION_COMMENTS = YES;
				CLANG_WARN_EMPTY_BODY = YES;
				CLANG_WARN_ENUM_CONVERSION = YES;
				CLANG_WARN_INFINITE_RECURSION = YES;
				CLANG_WARN_INT_CONVERSION = YES;
				CLANG_WARN_NON_LITERAL_NULL_CONVERSION = YES;
				CLANG_WARN_OBJC_IMPLICIT_RETAIN_SELF = YES;
				CLANG_WARN_OBJC_LITERAL_CONVERSION = YES;
				CLANG_WARN_OBJC_ROOT_CLASS = YES_ERROR;
				CLANG_WARN_RANGE_LOOP_ANALYSIS = YES;
				CLANG_WARN_STRICT_PROTOTYPES = YES;
				CLANG_WARN_SUSPICIOUS_MOVE = YES;
				CLANG_WARN_UNGUARDED_AVAILABILITY = YES_AGGRESSIVE;
				CLANG_WARN_UNREACHABLE_CODE = YES;
				CLANG_WARN__DUPLICATE_METHOD_MATCH = YES;
				COPY_PHASE_STRIP = NO;
				DEBUG_INFORMATION_FORMAT = dwarf;
				ENABLE_STRICT_OBJC_MSGSEND = YES;
				ENABLE_TESTABILITY = YES;
				GCC_C_LANGUAGE_STANDARD = gnu11;
				GCC_DYNAMIC_NO_PIC = NO;
				GCC_NO_COMMON_BLOCKS = YES;
				GCC_OPTIMIZATION_LEVEL = 0;
				GCC_PREPROCESSOR_DEFINITIONS = (
					"DEBUG=1",
					"$(inherited)",
				);
				GCC_WARN_64_TO_32_BIT_CONVERSION = YES;
				GCC_WARN_ABOUT_RETURN_TYPE = YES_ERROR;
				GCC_WARN_UNDECLARED_SELECTOR = YES;
				GCC_WARN_UNINITIALIZED_AUTOS = YES_AGGRESSIVE;
				GCC_WARN_UNUSED_FUNCTION = YES;
				GCC_WARN_UNUSED_VARIABLE = YES;
				IPHONEOS_DEPLOYMENT_TARGET = 13.2;
				MTL_ENABLE_DEBUG_INFO = INCLUDE_SOURCE;
				MTL_FAST_MATH = YES;
				ONLY_ACTIVE_ARCH = YES;
				SDKROOT = iphoneos;
				SWIFT_ACTIVE_COMPILATION_CONDITIONS = DEBUG;
				SWIFT_OPTIMIZATION_LEVEL = "-Onone";
			};
			name = Debug;
		};
		26C5E7702416C13500E7E36B /* Release */ = {
			isa = XCBuildConfiguration;
			buildSettings = {
				ALWAYS_SEARCH_USER_PATHS = NO;
				CLANG_ANALYZER_NONNULL = YES;
				CLANG_ANALYZER_NUMBER_OBJECT_CONVERSION = YES_AGGRESSIVE;
				CLANG_CXX_LANGUAGE_STANDARD = "gnu++14";
				CLANG_CXX_LIBRARY = "libc++";
				CLANG_ENABLE_MODULES = YES;
				CLANG_ENABLE_OBJC_ARC = YES;
				CLANG_ENABLE_OBJC_WEAK = YES;
				CLANG_WARN_BLOCK_CAPTURE_AUTORELEASING = YES;
				CLANG_WARN_BOOL_CONVERSION = YES;
				CLANG_WARN_COMMA = YES;
				CLANG_WARN_CONSTANT_CONVERSION = YES;
				CLANG_WARN_DEPRECATED_OBJC_IMPLEMENTATIONS = YES;
				CLANG_WARN_DIRECT_OBJC_ISA_USAGE = YES_ERROR;
				CLANG_WARN_DOCUMENTATION_COMMENTS = YES;
				CLANG_WARN_EMPTY_BODY = YES;
				CLANG_WARN_ENUM_CONVERSION = YES;
				CLANG_WARN_INFINITE_RECURSION = YES;
				CLANG_WARN_INT_CONVERSION = YES;
				CLANG_WARN_NON_LITERAL_NULL_CONVERSION = YES;
				CLANG_WARN_OBJC_IMPLICIT_RETAIN_SELF = YES;
				CLANG_WARN_OBJC_LITERAL_CONVERSION = YES;
				CLANG_WARN_OBJC_ROOT_CLASS = YES_ERROR;
				CLANG_WARN_RANGE_LOOP_ANALYSIS = YES;
				CLANG_WARN_STRICT_PROTOTYPES = YES;
				CLANG_WARN_SUSPICIOUS_MOVE = YES;
				CLANG_WARN_UNGUARDED_AVAILABILITY = YES_AGGRESSIVE;
				CLANG_WARN_UNREACHABLE_CODE = YES;
				CLANG_WARN__DUPLICATE_METHOD_MATCH = YES;
				COPY_PHASE_STRIP = NO;
				DEBUG_INFORMATION_FORMAT = "dwarf-with-dsym";
				ENABLE_NS_ASSERTIONS = NO;
				ENABLE_STRICT_OBJC_MSGSEND = YES;
				GCC_C_LANGUAGE_STANDARD = gnu11;
				GCC_NO_COMMON_BLOCKS = YES;
				GCC_WARN_64_TO_32_BIT_CONVERSION = YES;
				GCC_WARN_ABOUT_RETURN_TYPE = YES_ERROR;
				GCC_WARN_UNDECLARED_SELECTOR = YES;
				GCC_WARN_UNINITIALIZED_AUTOS = YES_AGGRESSIVE;
				GCC_WARN_UNUSED_FUNCTION = YES;
				GCC_WARN_UNUSED_VARIABLE = YES;
				IPHONEOS_DEPLOYMENT_TARGET = 13.2;
				MTL_ENABLE_DEBUG_INFO = NO;
				MTL_FAST_MATH = YES;
				SDKROOT = iphoneos;
				SWIFT_COMPILATION_MODE = wholemodule;
				SWIFT_OPTIMIZATION_LEVEL = "-O";
				VALIDATE_PRODUCT = YES;
			};
			name = Release;
		};
		26C5E7722416C13500E7E36B /* Debug */ = {
			isa = XCBuildConfiguration;
			buildSettings = {
				ASSETCATALOG_COMPILER_APPICON_NAME = AppIcon;
				CODE_SIGN_STYLE = Automatic;
				DEVELOPMENT_TEAM = YS5YR4XRC8;
				INFOPLIST_FILE = "2020-03-13-ImageLayout-Hua-Lu/Info.plist";
				LD_RUNPATH_SEARCH_PATHS = (
					"$(inherited)",
					"@executable_path/Frameworks",
				);
				PRODUCT_BUNDLE_IDENTIFIER = "com.hualu.-020-03-13-ImageLayout-Hua-Lu";
				PRODUCT_NAME = "$(TARGET_NAME)";
				SWIFT_VERSION = 5.0;
				TARGETED_DEVICE_FAMILY = "1,2";
			};
			name = Debug;
		};
		26C5E7732416C13500E7E36B /* Release */ = {
			isa = XCBuildConfiguration;
			buildSettings = {
				ASSETCATALOG_COMPILER_APPICON_NAME = AppIcon;
				CODE_SIGN_STYLE = Automatic;
				DEVELOPMENT_TEAM = YS5YR4XRC8;
				INFOPLIST_FILE = "2020-03-13-ImageLayout-Hua-Lu/Info.plist";
				LD_RUNPATH_SEARCH_PATHS = (
					"$(inherited)",
					"@executable_path/Frameworks",
				);
				PRODUCT_BUNDLE_IDENTIFIER = "com.hualu.-020-03-13-ImageLayout-Hua-Lu";
				PRODUCT_NAME = "$(TARGET_NAME)";
				SWIFT_VERSION = 5.0;
				TARGETED_DEVICE_FAMILY = "1,2";
			};
			name = Release;
		};
/* End XCBuildConfiguration section */

/* Begin XCConfigurationList section */
		26C5E7582416C13300E7E36B /* Build configuration list for PBXProject "2020-03-13-ImageLayout-Hua-Lu" */ = {
			isa = XCConfigurationList;
			buildConfigurations = (
				26C5E76F2416C13500E7E36B /* Debug */,
				26C5E7702416C13500E7E36B /* Release */,
			);
			defaultConfigurationIsVisible = 0;
			defaultConfigurationName = Release;
		};
		26C5E7712416C13500E7E36B /* Build configuration list for PBXNativeTarget "2020-03-13-ImageLayout-Hua-Lu" */ = {
			isa = XCConfigurationList;
			buildConfigurations = (
				26C5E7722416C13500E7E36B /* Debug */,
				26C5E7732416C13500E7E36B /* Release */,
			);
			defaultConfigurationIsVisible = 0;
			defaultConfigurationName = Release;
		};
/* End XCConfigurationList section */
	};
	rootObject = 26C5E7552416C13300E7E36B /* Project object */;
}
